// !$*UTF8*$!
{
	archiveVersion = 1;
	classes = {
	};
	objectVersion = 77;
	objects = {

/* Begin PBXBuildFile section */
		3A0000010000000000000001 /* MagicIslandApp.swift in Sources */ = {isa = PBXBuildFile; fileRef = 3A0000010000000000000011 /* MagicIslandApp.swift */; };
		3A0000010000000000000002 /* AppDelegate.swift in Sources */ = {isa = PBXBuildFile; fileRef = 3A0000010000000000000012 /* AppDelegate.swift */; };
		3A0000010000000000000003 /* StatusBarController.swift in Sources */ = {isa = PBXBuildFile; fileRef = 3A0000010000000000000013 /* StatusBarController.swift */; };
		3A0000010000000000000004 /* IslandPlacementTests.swift in Sources */ = {isa = PBXBuildFile; fileRef = 3A0000010000000000000014 /* IslandPlacementTests.swift */; };
		3A0000010000000000000006 /* IslandPlacement.swift in Sources */ = {isa = PBXBuildFile; fileRef = 3A0000010000000000000017 /* IslandPlacement.swift */; };
		3A0000010000000000000007 /* IslandPlaceholderView.swift in Sources */ = {isa = PBXBuildFile; fileRef = 3A0000010000000000000018 /* IslandPlaceholderView.swift */; };
		3A0000010000000000000008 /* IslandWindowController.swift in Sources */ = {isa = PBXBuildFile; fileRef = 3A0000010000000000000019 /* IslandWindowController.swift */; };
		3A0000010000000000000009 /* AppIntents.framework in Frameworks */ = {isa = PBXBuildFile; fileRef = 3A0000010000000000000043 /* AppIntents.framework */; };
		3A000001000000000000001A /* AppIntents.framework in Frameworks */ = {isa = PBXBuildFile; fileRef = 3A0000010000000000000043 /* AppIntents.framework */; };
		3A000001000000000000001B /* IslandDisplaySelection.swift in Sources */ = {isa = PBXBuildFile; fileRef = 3A0000010000000000000045 /* IslandDisplaySelection.swift */; };
		3A000001000000000000001C /* IslandInteractionController.swift in Sources */ = {isa = PBXBuildFile; fileRef = 3A0000010000000000000046 /* IslandInteractionController.swift */; };
		3A000001000000000000001D /* IslandInteractionControllerTests.swift in Sources */ = {isa = PBXBuildFile; fileRef = 3A0000010000000000000047 /* IslandInteractionControllerTests.swift */; };
		3A000001000000000000001E /* IslandShortcutController.swift in Sources */ = {isa = PBXBuildFile; fileRef = 3A0000010000000000000048 /* IslandShortcutController.swift */; };
		3A000001000000000000001F /* ActivityEngine.swift in Sources */ = {isa = PBXBuildFile; fileRef = 3A0000010000000000000049 /* ActivityEngine.swift */; };
		3A0000010000000000000050 /* SampleFeature.swift in Sources */ = {isa = PBXBuildFile; fileRef = 3A0000010000000000000051 /* SampleFeature.swift */; };
		3A0000010000000000000052 /* MediaFeature.swift in Sources */ = {isa = PBXBuildFile; fileRef = 3A0000010000000000000053 /* MediaFeature.swift */; };
		3A0000010000000000000054 /* ActivityEngineTests.swift in Sources */ = {isa = PBXBuildFile; fileRef = 3A0000010000000000000055 /* ActivityEngineTests.swift */; };
		3A0000010000000000000056 /* MediaFeatureTests.swift in Sources */ = {isa = PBXBuildFile; fileRef = 3A0000010000000000000057 /* MediaFeatureTests.swift */; };
		3A0000020000000000000001 /* AppSettings.swift in Sources */ = {isa = PBXBuildFile; fileRef = 3A0000020000000000000011 /* AppSettings.swift */; };
		3A0000020000000000000002 /* FeatureLifecycleController.swift in Sources */ = {isa = PBXBuildFile; fileRef = 3A0000020000000000000012 /* FeatureLifecycleController.swift */; };
		3A0000020000000000000003 /* SettingsWindowController.swift in Sources */ = {isa = PBXBuildFile; fileRef = 3A0000020000000000000013 /* SettingsWindowController.swift */; };
		3A0000020000000000000004 /* SettingsStoreTests.swift in Sources */ = {isa = PBXBuildFile; fileRef = 3A0000020000000000000014 /* SettingsStoreTests.swift */; };
		3A0000020000000000000005 /* FeatureLifecycleControllerTests.swift in Sources */ = {isa = PBXBuildFile; fileRef = 3A0000020000000000000015 /* FeatureLifecycleControllerTests.swift */; };
		3A0000020000000000000006 /* ScreenDisplayID.swift in Sources */ = {isa = PBXBuildFile; fileRef = 3A0000020000000000000016 /* ScreenDisplayID.swift */; };
		3A0000030000000000000001 /* FileShelf.swift in Sources */ = {isa = PBXBuildFile; fileRef = 3A0000030000000000000011 /* FileShelf.swift */; };
		3A0000030000000000000002 /* FileShelfStoreTests.swift in Sources */ = {isa = PBXBuildFile; fileRef = 3A0000030000000000000012 /* FileShelfStoreTests.swift */; };
		3A0000040000000000000001 /* ClipboardHistory.swift in Sources */ = {isa = PBXBuildFile; fileRef = 3A0000040000000000000011 /* ClipboardHistory.swift */; };
		3A0000040000000000000002 /* ClipboardHistoryTests.swift in Sources */ = {isa = PBXBuildFile; fileRef = 3A0000040000000000000012 /* ClipboardHistoryTests.swift */; };
		3A0000070000000000000001 /* ProductShell.swift in Sources */ = {isa = PBXBuildFile; fileRef = 3A0000070000000000000011 /* ProductShell.swift */; };
		3A0000070000000000000002 /* ProductShellTests.swift in Sources */ = {isa = PBXBuildFile; fileRef = 3A0000070000000000000012 /* ProductShellTests.swift */; };
/* End PBXBuildFile section */

/* Begin PBXContainerItemProxy section */
		3A0000010000000000000005 /* PBXContainerItemProxy */ = {
			isa = PBXContainerItemProxy;
			containerPortal = 3A0000010000000000000020 /* Project object */;
			proxyType = 1;
			remoteGlobalIDString = 3A0000010000000000000021;
			remoteInfo = MagicIsland;
		};
/* End PBXContainerItemProxy section */

/* Begin PBXFileReference section */
		3A0000010000000000000010 /* MagicIsland.app */ = {isa = PBXFileReference; explicitFileType = wrapper.application; includeInIndex = 0; path = MagicIsland.app; sourceTree = BUILT_PRODUCTS_DIR; };
		3A0000010000000000000011 /* MagicIslandApp.swift */ = {isa = PBXFileReference; lastKnownFileType = sourcecode.swift; path = MagicIslandApp.swift; sourceTree = "<group>"; };
		3A0000010000000000000012 /* AppDelegate.swift */ = {isa = PBXFileReference; lastKnownFileType = sourcecode.swift; path = AppDelegate.swift; sourceTree = "<group>"; };
		3A0000010000000000000013 /* StatusBarController.swift */ = {isa = PBXFileReference; lastKnownFileType = sourcecode.swift; path = StatusBarController.swift; sourceTree = "<group>"; };
		3A0000010000000000000014 /* IslandPlacementTests.swift */ = {isa = PBXFileReference; lastKnownFileType = sourcecode.swift; path = IslandPlacementTests.swift; sourceTree = "<group>"; };
		3A0000010000000000000015 /* MagicIslandTests.xctest */ = {isa = PBXFileReference; explicitFileType = wrapper.cfbundle; includeInIndex = 0; path = MagicIslandTests.xctest; sourceTree = BUILT_PRODUCTS_DIR; };
		3A0000010000000000000016 /* Info.plist */ = {isa = PBXFileReference; lastKnownFileType = text.plist.xml; path = Info.plist; sourceTree = "<group>"; };
		3A0000010000000000000017 /* IslandPlacement.swift */ = {isa = PBXFileReference; lastKnownFileType = sourcecode.swift; path = IslandPlacement.swift; sourceTree = "<group>"; };
		3A0000010000000000000018 /* IslandPlaceholderView.swift */ = {isa = PBXFileReference; lastKnownFileType = sourcecode.swift; path = IslandPlaceholderView.swift; sourceTree = "<group>"; };
		3A0000010000000000000019 /* IslandWindowController.swift */ = {isa = PBXFileReference; lastKnownFileType = sourcecode.swift; path = IslandWindowController.swift; sourceTree = "<group>"; };
		3A0000010000000000000043 /* AppIntents.framework */ = {isa = PBXFileReference; lastKnownFileType = wrapper.framework; name = AppIntents.framework; path = System/Library/Frameworks/AppIntents.framework; sourceTree = SDKROOT; };
		3A0000010000000000000045 /* IslandDisplaySelection.swift */ = {isa = PBXFileReference; lastKnownFileType = sourcecode.swift; path = IslandDisplaySelection.swift; sourceTree = "<group>"; };
		3A0000010000000000000046 /* IslandInteractionController.swift */ = {isa = PBXFileReference; lastKnownFileType = sourcecode.swift; path = IslandInteractionController.swift; sourceTree = "<group>"; };
		3A0000010000000000000047 /* IslandInteractionControllerTests.swift */ = {isa = PBXFileReference; lastKnownFileType = sourcecode.swift; path = IslandInteractionControllerTests.swift; sourceTree = "<group>"; };
		3A0000010000000000000048 /* IslandShortcutController.swift */ = {isa = PBXFileReference; lastKnownFileType = sourcecode.swift; path = IslandShortcutController.swift; sourceTree = "<group>"; };
		3A0000010000000000000049 /* ActivityEngine.swift */ = {isa = PBXFileReference; lastKnownFileType = sourcecode.swift; path = ActivityEngine.swift; sourceTree = "<group>"; };
		3A0000010000000000000051 /* SampleFeature.swift */ = {isa = PBXFileReference; lastKnownFileType = sourcecode.swift; path = SampleFeature.swift; sourceTree = "<group>"; };
		3A0000010000000000000053 /* MediaFeature.swift */ = {isa = PBXFileReference; lastKnownFileType = sourcecode.swift; path = MediaFeature.swift; sourceTree = "<group>"; };
		3A0000010000000000000055 /* ActivityEngineTests.swift */ = {isa = PBXFileReference; lastKnownFileType = sourcecode.swift; path = ActivityEngineTests.swift; sourceTree = "<group>"; };
		3A0000010000000000000057 /* MediaFeatureTests.swift */ = {isa = PBXFileReference; lastKnownFileType = sourcecode.swift; path = MediaFeatureTests.swift; sourceTree = "<group>"; };
		3A0000020000000000000011 /* AppSettings.swift */ = {isa = PBXFileReference; lastKnownFileType = sourcecode.swift; path = AppSettings.swift; sourceTree = "<group>"; };
		3A0000020000000000000012 /* FeatureLifecycleController.swift */ = {isa = PBXFileReference; lastKnownFileType = sourcecode.swift; path = FeatureLifecycleController.swift; sourceTree = "<group>"; };
		3A0000020000000000000013 /* SettingsWindowController.swift */ = {isa = PBXFileReference; lastKnownFileType = sourcecode.swift; path = SettingsWindowController.swift; sourceTree = "<group>"; };
		3A0000020000000000000014 /* SettingsStoreTests.swift */ = {isa = PBXFileReference; lastKnownFileType = sourcecode.swift; path = SettingsStoreTests.swift; sourceTree = "<group>"; };
		3A0000020000000000000015 /* FeatureLifecycleControllerTests.swift */ = {isa = PBXFileReference; lastKnownFileType = sourcecode.swift; path = FeatureLifecycleControllerTests.swift; sourceTree = "<group>"; };
		3A0000020000000000000016 /* ScreenDisplayID.swift */ = {isa = PBXFileReference; lastKnownFileType = sourcecode.swift; path = ScreenDisplayID.swift; sourceTree = "<group>"; };
		3A0000030000000000000011 /* FileShelf.swift */ = {isa = PBXFileReference; lastKnownFileType = sourcecode.swift; path = FileShelf.swift; sourceTree = "<group>"; };
		3A0000030000000000000012 /* FileShelfStoreTests.swift */ = {isa = PBXFileReference; lastKnownFileType = sourcecode.swift; path = FileShelfStoreTests.swift; sourceTree = "<group>"; };
		3A0000040000000000000011 /* ClipboardHistory.swift */ = {isa = PBXFileReference; lastKnownFileType = sourcecode.swift; path = ClipboardHistory.swift; sourceTree = "<group>"; };
		3A0000040000000000000012 /* ClipboardHistoryTests.swift */ = {isa = PBXFileReference; lastKnownFileType = sourcecode.swift; path = ClipboardHistoryTests.swift; sourceTree = "<group>"; };
		3A0000070000000000000011 /* ProductShell.swift */ = {isa = PBXFileReference; lastKnownFileType = sourcecode.swift; path = ProductShell.swift; sourceTree = "<group>"; };
		3A0000070000000000000012 /* ProductShellTests.swift */ = {isa = PBXFileReference; lastKnownFileType = sourcecode.swift; path = ProductShellTests.swift; sourceTree = "<group>"; };
/* End PBXFileReference section */

/* Begin PBXFrameworksBuildPhase section */
		3A0000010000000000000022 /* Frameworks */ = {
			isa = PBXFrameworksBuildPhase;
			buildActionMask = 2147483647;
			files = (
				3A0000010000000000000009 /* AppIntents.framework in Frameworks */,
			);
			runOnlyForDeploymentPostprocessing = 0;
		};
		3A0000010000000000000023 /* Frameworks */ = {
			isa = PBXFrameworksBuildPhase;
			buildActionMask = 2147483647;
			files = (
				3A000001000000000000001A /* AppIntents.framework in Frameworks */,
			);
			runOnlyForDeploymentPostprocessing = 0;
		};
/* End PBXFrameworksBuildPhase section */

/* Begin PBXGroup section */
		3A0000010000000000000024 = {
			isa = PBXGroup;
			children = (
				3A0000010000000000000025 /* MagicIsland */,
				3A0000010000000000000026 /* MagicIslandTests */,
				3A0000010000000000000044 /* Frameworks */,
				3A0000010000000000000027 /* Products */,
			);
			sourceTree = "<group>";
		};
		3A0000010000000000000025 /* MagicIsland */ = {
			isa = PBXGroup;
			children = (
				3A0000010000000000000016 /* Info.plist */,
				3A0000010000000000000011 /* MagicIslandApp.swift */,
				3A0000010000000000000012 /* AppDelegate.swift */,
				3A0000010000000000000013 /* StatusBarController.swift */,
				3A0000020000000000000011 /* AppSettings.swift */,
				3A0000020000000000000012 /* FeatureLifecycleController.swift */,
				3A0000020000000000000013 /* SettingsWindowController.swift */,
				3A0000020000000000000016 /* ScreenDisplayID.swift */,
				3A0000010000000000000049 /* ActivityEngine.swift */,
				3A0000010000000000000051 /* SampleFeature.swift */,
				3A0000010000000000000053 /* MediaFeature.swift */,
				3A0000030000000000000011 /* FileShelf.swift */,
				3A0000040000000000000011 /* ClipboardHistory.swift */,
				3A0000070000000000000011 /* ProductShell.swift */,
				3A0000010000000000000045 /* IslandDisplaySelection.swift */,
				3A0000010000000000000017 /* IslandPlacement.swift */,
				3A0000010000000000000046 /* IslandInteractionController.swift */,
				3A0000010000000000000048 /* IslandShortcutController.swift */,
				3A0000010000000000000018 /* IslandPlaceholderView.swift */,
				3A0000010000000000000019 /* IslandWindowController.swift */,
			);
			path = MagicIsland;
			sourceTree = "<group>";
		};
		3A0000010000000000000026 /* MagicIslandTests */ = {
			isa = PBXGroup;
			children = (
				3A0000010000000000000014 /* IslandPlacementTests.swift */,
				3A0000010000000000000047 /* IslandInteractionControllerTests.swift */,
				3A0000010000000000000055 /* ActivityEngineTests.swift */,
				3A0000010000000000000057 /* MediaFeatureTests.swift */,
				3A0000020000000000000014 /* SettingsStoreTests.swift */,
				3A0000020000000000000015 /* FeatureLifecycleControllerTests.swift */,
				3A0000030000000000000012 /* FileShelfStoreTests.swift */,
				3A0000040000000000000012 /* ClipboardHistoryTests.swift */,
				3A0000070000000000000012 /* ProductShellTests.swift */,
			);
			path = MagicIslandTests;
			sourceTree = "<group>";
		};
		3A0000010000000000000027 /* Products */ = {
			isa = PBXGroup;
			children = (
				3A0000010000000000000010 /* MagicIsland.app */,
				3A0000010000000000000015 /* MagicIslandTests.xctest */,
			);
			name = Products;
			sourceTree = "<group>";
		};
		3A0000010000000000000044 /* Frameworks */ = {
			isa = PBXGroup;
			children = (
				3A0000010000000000000043 /* AppIntents.framework */,
			);
			name = Frameworks;
			sourceTree = "<group>";
		};
/* End PBXGroup section */

/* Begin PBXNativeTarget section */
		3A0000010000000000000021 /* MagicIsland */ = {
			isa = PBXNativeTarget;
			buildConfigurationList = 3A0000010000000000000030 /* Build configuration list for PBXNativeTarget "MagicIsland" */;
			buildPhases = (
				3A0000010000000000000031 /* Sources */,
				3A0000010000000000000022 /* Frameworks */,
				3A0000010000000000000032 /* Resources */,
			);
			buildRules = (
			);
			dependencies = (
			);
			name = MagicIsland;
			productName = MagicIsland;
			productReference = 3A0000010000000000000010 /* MagicIsland.app */;
			productType = "com.apple.product-type.application";
		};
		3A0000010000000000000028 /* MagicIslandTests */ = {
			isa = PBXNativeTarget;
			buildConfigurationList = 3A0000010000000000000033 /* Build configuration list for PBXNativeTarget "MagicIslandTests" */;
			buildPhases = (
				3A0000010000000000000034 /* Sources */,
				3A0000010000000000000023 /* Frameworks */,
				3A0000010000000000000035 /* Resources */,
			);
			buildRules = (
			);
			dependencies = (
				3A0000010000000000000029 /* PBXTargetDependency */,
			);
			name = MagicIslandTests;
			productName = MagicIslandTests;
			productReference = 3A0000010000000000000015 /* MagicIslandTests.xctest */;
			productType = "com.apple.product-type.bundle.unit-test";
		};
/* End PBXNativeTarget section */

/* Begin PBXProject section */
		3A0000010000000000000020 /* Project object */ = {
			isa = PBXProject;
			attributes = {
				BuildIndependentTargetsInParallel = 1;
				LastSwiftUpdateCheck = 2660;
				LastUpgradeCheck = 2660;
				TargetAttributes = {
					3A0000010000000000000021 = {
						CreatedOnToolsVersion = 26.6;
					};
					3A0000010000000000000028 = {
						CreatedOnToolsVersion = 26.6;
						TestTargetID = 3A0000010000000000000021;
					};
				};
			};
			buildConfigurationList = 3A0000010000000000000036 /* Build configuration list for PBXProject "MagicIsland" */;
			developmentRegion = en;
			hasScannedForEncodings = 0;
			knownRegions = (
				en,
				Base,
			);
			mainGroup = 3A0000010000000000000024;
			minimizedProjectReferenceProxies = 1;
			preferredProjectObjectVersion = 77;
			productRefGroup = 3A0000010000000000000027 /* Products */;
			projectDirPath = "";
			projectRoot = "";
			targets = (
				3A0000010000000000000021 /* MagicIsland */,
				3A0000010000000000000028 /* MagicIslandTests */,
			);
		};
/* End PBXProject section */

/* Begin PBXResourcesBuildPhase section */
		3A0000010000000000000032 /* Resources */ = {
			isa = PBXResourcesBuildPhase;
			buildActionMask = 2147483647;
			files = (
			);
			runOnlyForDeploymentPostprocessing = 0;
		};
		3A0000010000000000000035 /* Resources */ = {
			isa = PBXResourcesBuildPhase;
			buildActionMask = 2147483647;
			files = (
			);
			runOnlyForDeploymentPostprocessing = 0;
		};
/* End PBXResourcesBuildPhase section */

/* Begin PBXSourcesBuildPhase section */
		3A0000010000000000000031 /* Sources */ = {
			isa = PBXSourcesBuildPhase;
			buildActionMask = 2147483647;
			files = (
				3A0000010000000000000001 /* MagicIslandApp.swift in Sources */,
				3A0000010000000000000002 /* AppDelegate.swift in Sources */,
				3A0000010000000000000003 /* StatusBarController.swift in Sources */,
				3A0000020000000000000001 /* AppSettings.swift in Sources */,
				3A0000020000000000000002 /* FeatureLifecycleController.swift in Sources */,
				3A0000020000000000000003 /* SettingsWindowController.swift in Sources */,
				3A0000020000000000000006 /* ScreenDisplayID.swift in Sources */,
				3A000001000000000000001F /* ActivityEngine.swift in Sources */,
				3A0000010000000000000050 /* SampleFeature.swift in Sources */,
				3A0000010000000000000052 /* MediaFeature.swift in Sources */,
				3A0000030000000000000001 /* FileShelf.swift in Sources */,
				3A0000040000000000000001 /* ClipboardHistory.swift in Sources */,
				3A0000070000000000000001 /* ProductShell.swift in Sources */,
				3A000001000000000000001B /* IslandDisplaySelection.swift in Sources */,
				3A0000010000000000000006 /* IslandPlacement.swift in Sources */,
				3A000001000000000000001C /* IslandInteractionController.swift in Sources */,
				3A000001000000000000001E /* IslandShortcutController.swift in Sources */,
				3A0000010000000000000007 /* IslandPlaceholderView.swift in Sources */,
				3A0000010000000000000008 /* IslandWindowController.swift in Sources */,
			);
			runOnlyForDeploymentPostprocessing = 0;
		};
		3A0000010000000000000034 /* Sources */ = {
			isa = PBXSourcesBuildPhase;
			buildActionMask = 2147483647;
			files = (
				3A0000010000000000000004 /* IslandPlacementTests.swift in Sources */,
				3A000001000000000000001D /* IslandInteractionControllerTests.swift in Sources */,
				3A0000010000000000000054 /* ActivityEngineTests.swift in Sources */,
				3A0000010000000000000056 /* MediaFeatureTests.swift in Sources */,
				3A0000020000000000000004 /* SettingsStoreTests.swift in Sources */,
				3A0000020000000000000005 /* FeatureLifecycleControllerTests.swift in Sources */,
				3A0000030000000000000002 /* FileShelfStoreTests.swift in Sources */,
				3A0000040000000000000002 /* ClipboardHistoryTests.swift in Sources */,
				3A0000070000000000000002 /* ProductShellTests.swift in Sources */,
			);
			runOnlyForDeploymentPostprocessing = 0;
		};
/* End PBXSourcesBuildPhase section */

/* Begin PBXTargetDependency section */
		3A0000010000000000000029 /* PBXTargetDependency */ = {
			isa = PBXTargetDependency;
			target = 3A0000010000000000000021 /* MagicIsland */;
			targetProxy = 3A0000010000000000000005 /* PBXContainerItemProxy */;
		};
/* End PBXTargetDependency section */

/* Begin XCBuildConfiguration section */
		3A0000010000000000000037 /* Debug */ = {
			isa = XCBuildConfiguration;
			buildSettings = {
				ALWAYS_SEARCH_USER_PATHS = NO;
				CLANG_ANALYZER_NONNULL = YES;
				CLANG_ANALYZER_NUMBER_OBJECT_CONVERSION = YES_AGGRESSIVE;
				CLANG_CXX_LANGUAGE_STANDARD = "gnu++20";
				CLANG_ENABLE_MODULES = YES;
				CLANG_ENABLE_OBJC_ARC = YES;
				CLANG_ENABLE_OBJC_WEAK = YES;
				CLANG_WARN_BLOCK_CAPTURE_AUTORELEASING = YES;
				CLANG_WARN_BOOL_CONVERSION = YES;
				CLANG_WARN_COMMA = YES;
				CLANG_WARN_CONSTANT_CONVERSION = YES;
				CLANG_WARN_DEPRECATED_OBJC_IMPLEMENTATIONS = YES;
				CLANG_WARN_DIRECT_OBJC_ISA_USAGE = YES_ERROR;
				CLANG_WARN_DOCUMENTATION_COMMENTS = YES;
				CLANG_WARN_EMPTY_BODY = YES;
				CLANG_WARN_ENUM_CONVERSION = YES;
				CLANG_WARN_INFINITE_RECURSION = YES;
				CLANG_WARN_INT_CONVERSION = YES;
				CLANG_WARN_NON_LITERAL_NULL_CONVERSION = YES;
				CLANG_WARN_OBJC_IMPLICIT_RETAIN_SELF = YES;
				CLANG_WARN_OBJC_LITERAL_CONVERSION = YES;
				CLANG_WARN_OBJC_ROOT_CLASS = YES_ERROR;
				CLANG_WARN_QUOTED_INCLUDE_IN_FRAMEWORK_HEADER = YES;
				CLANG_WARN_RANGE_LOOP_ANALYSIS = YES;
				CLANG_WARN_STRICT_PROTOTYPES = YES;
				CLANG_WARN_SUSPICIOUS_MOVE = YES;
				CLANG_WARN_UNGUARDED_AVAILABILITY = YES_AGGRESSIVE;
				CLANG_WARN_UNREACHABLE_CODE = YES;
				CLANG_WARN__DUPLICATE_METHOD_MATCH = YES;
				COPY_PHASE_STRIP = NO;
				DEBUG_INFORMATION_FORMAT = dwarf;
				ENABLE_STRICT_OBJC_MSGSEND = YES;
				ENABLE_TESTABILITY = YES;
				ENABLE_USER_SCRIPT_SANDBOXING = YES;
				GCC_C_LANGUAGE_STANDARD = gnu17;
				GCC_DYNAMIC_NO_PIC = NO;
				GCC_NO_COMMON_BLOCKS = YES;
				GCC_OPTIMIZATION_LEVEL = 0;
				GCC_PREPROCESSOR_DEFINITIONS = (
					"DEBUG=1",
					"$(inherited)",
				);
				GCC_WARN_64_TO_32_BIT_CONVERSION = YES;
				GCC_WARN_ABOUT_RETURN_TYPE = YES_ERROR;
				GCC_WARN_UNDECLARED_SELECTOR = YES;
				GCC_WARN_UNINITIALIZED_AUTOS = YES_AGGRESSIVE;
				GCC_WARN_UNUSED_FUNCTION = YES;
				GCC_WARN_UNUSED_VARIABLE = YES;
				MACOSX_DEPLOYMENT_TARGET = 14.0;
				MTL_ENABLE_DEBUG_INFO = INCLUDE_SOURCE;
				MTL_FAST_MATH = YES;
				ONLY_ACTIVE_ARCH = YES;
				SDKROOT = macosx;
				SWIFT_ACTIVE_COMPILATION_CONDITIONS = "DEBUG $(inherited)";
				SWIFT_VERSION = 6.0;
			};
			name = Debug;
		};
		3A0000010000000000000038 /* Release */ = {
			isa = XCBuildConfiguration;
			buildSettings = {
				ALWAYS_SEARCH_USER_PATHS = NO;
				CLANG_ANALYZER_NONNULL = YES;
				CLANG_ANALYZER_NUMBER_OBJECT_CONVERSION = YES_AGGRESSIVE;
				CLANG_CXX_LANGUAGE_STANDARD = "gnu++20";
				CLANG_ENABLE_MODULES = YES;
				CLANG_ENABLE_OBJC_ARC = YES;
				CLANG_ENABLE_OBJC_WEAK = YES;
				CLANG_WARN_BLOCK_CAPTURE_AUTORELEASING = YES;
				CLANG_WARN_BOOL_CONVERSION = YES;
				CLANG_WARN_COMMA = YES;
				CLANG_WARN_CONSTANT_CONVERSION = YES;
				CLANG_WARN_DEPRECATED_OBJC_IMPLEMENTATIONS = YES;
				CLANG_WARN_DIRECT_OBJC_ISA_USAGE = YES_ERROR;
				CLANG_WARN_DOCUMENTATION_COMMENTS = YES;
				CLANG_WARN_EMPTY_BODY = YES;
				CLANG_WARN_ENUM_CONVERSION = YES;
				CLANG_WARN_INFINITE_RECURSION = YES;
				CLANG_WARN_INT_CONVERSION = YES;
				CLANG_WARN_NON_LITERAL_NULL_CONVERSION = YES;
				CLANG_WARN_OBJC_IMPLICIT_RETAIN_SELF = YES;
				CLANG_WARN_OBJC_LITERAL_CONVERSION = YES;
				CLANG_WARN_OBJC_ROOT_CLASS = YES_ERROR;
				CLANG_WARN_QUOTED_INCLUDE_IN_FRAMEWORK_HEADER = YES;
				CLANG_WARN_RANGE_LOOP_ANALYSIS = YES;
				CLANG_WARN_STRICT_PROTOTYPES = YES;
				CLANG_WARN_SUSPICIOUS_MOVE = YES;
				CLANG_WARN_UNGUARDED_AVAILABILITY = YES_AGGRESSIVE;
				CLANG_WARN_UNREACHABLE_CODE = YES;
				CLANG_WARN__DUPLICATE_METHOD_MATCH = YES;
				COPY_PHASE_STRIP = NO;
				DEBUG_INFORMATION_FORMAT = "dwarf-with-dsym";
				ENABLE_NS_ASSERTIONS = NO;
				ENABLE_STRICT_OBJC_MSGSEND = YES;
				ENABLE_USER_SCRIPT_SANDBOXING = YES;
				GCC_C_LANGUAGE_STANDARD = gnu17;
				GCC_NO_COMMON_BLOCKS = YES;
				GCC_WARN_64_TO_32_BIT_CONVERSION = YES;
				GCC_WARN_ABOUT_RETURN_TYPE = YES_ERROR;
				GCC_WARN_UNDECLARED_SELECTOR = YES;
				GCC_WARN_UNINITIALIZED_AUTOS = YES_AGGRESSIVE;
				GCC_WARN_UNUSED_FUNCTION = YES;
				GCC_WARN_UNUSED_VARIABLE = YES;
				MACOSX_DEPLOYMENT_TARGET = 14.0;
				MTL_ENABLE_DEBUG_INFO = NO;
				MTL_FAST_MATH = YES;
				SDKROOT = macosx;
				SWIFT_COMPILATION_MODE = wholemodule;
				SWIFT_VERSION = 6.0;
			};
			name = Release;
		};
		3A0000010000000000000039 /* Debug */ = {
			isa = XCBuildConfiguration;
			buildSettings = {
				CODE_SIGN_STYLE = Automatic;
				COMBINE_HIDPI_IMAGES = YES;
				CURRENT_PROJECT_VERSION = 1;
				DEVELOPMENT_TEAM = "";
				GENERATE_INFOPLIST_FILE = NO;
				INFOPLIST_FILE = MagicIsland/Info.plist;
				LD_RUNPATH_SEARCH_PATHS = (
					"$(inherited)",
					"@executable_path/../Frameworks",
				);
				LM_FILTER_WARNINGS = YES;
				MACOSX_DEPLOYMENT_TARGET = 14.0;
				MARKETING_VERSION = 1.0;
				PRODUCT_BUNDLE_IDENTIFIER = com.magicisland.app;
				PRODUCT_NAME = "$(TARGET_NAME)";
				PRODUCT_TYPE = "com.apple.product-type.application";
				SWIFT_EMIT_LOC_STRINGS = YES;
				SWIFT_VERSION = 6.0;
			};
			name = Debug;
		};
		3A0000010000000000000040 /* Release */ = {
			isa = XCBuildConfiguration;
			buildSettings = {
				CODE_SIGN_STYLE = Automatic;
				COMBINE_HIDPI_IMAGES = YES;
				CURRENT_PROJECT_VERSION = 1;
				DEVELOPMENT_TEAM = "";
				GENERATE_INFOPLIST_FILE = NO;
				INFOPLIST_FILE = MagicIsland/Info.plist;
				LD_RUNPATH_SEARCH_PATHS = (
					"$(inherited)",
					"@executable_path/../Frameworks",
				);
				LM_FILTER_WARNINGS = YES;
				MACOSX_DEPLOYMENT_TARGET = 14.0;
				MARKETING_VERSION = 1.0;
				PRODUCT_BUNDLE_IDENTIFIER = com.magicisland.app;
				PRODUCT_NAME = "$(TARGET_NAME)";
				PRODUCT_TYPE = "com.apple.product-type.application";
				SWIFT_EMIT_LOC_STRINGS = YES;
				SWIFT_VERSION = 6.0;
			};
			name = Release;
		};
		3A0000010000000000000041 /* Debug */ = {
			isa = XCBuildConfiguration;
			buildSettings = {
				BUNDLE_LOADER = "$(TEST_HOST)";
				CODE_SIGN_STYLE = Automatic;
				DEVELOPMENT_TEAM = "";
				GENERATE_INFOPLIST_FILE = YES;
				LD_RUNPATH_SEARCH_PATHS = (
					"$(inherited)",
					"@executable_path/../Frameworks",
					"@loader_path/../Frameworks",
				);
				LM_FILTER_WARNINGS = YES;
				MACOSX_DEPLOYMENT_TARGET = 14.0;
				PRODUCT_BUNDLE_IDENTIFIER = com.magicisland.tests;
				PRODUCT_NAME = "$(TARGET_NAME)";
				SWIFT_VERSION = 6.0;
				TEST_HOST = "$(BUILT_PRODUCTS_DIR)/MagicIsland.app/$(BUNDLE_EXECUTABLE_FOLDER_PATH)/MagicIsland";
			};
			name = Debug;
		};
		3A0000010000000000000042 /* Release */ = {
			isa = XCBuildConfiguration;
			buildSettings = {
				BUNDLE_LOADER = "$(TEST_HOST)";
				CODE_SIGN_STYLE = Automatic;
				DEVELOPMENT_TEAM = "";
				GENERATE_INFOPLIST_FILE = YES;
				LD_RUNPATH_SEARCH_PATHS = (
					"$(inherited)",
					"@executable_path/../Frameworks",
					"@loader_path/../Frameworks",
				);
				LM_FILTER_WARNINGS = YES;
				MACOSX_DEPLOYMENT_TARGET = 14.0;
				PRODUCT_BUNDLE_IDENTIFIER = com.magicisland.tests;
				PRODUCT_NAME = "$(TARGET_NAME)";
				SWIFT_VERSION = 6.0;
				TEST_HOST = "$(BUILT_PRODUCTS_DIR)/MagicIsland.app/$(BUNDLE_EXECUTABLE_FOLDER_PATH)/MagicIsland";
			};
			name = Release;
		};
/* End XCBuildConfiguration section */

/* Begin XCConfigurationList section */
		3A0000010000000000000036 /* Build configuration list for PBXProject "MagicIsland" */ = {
			isa = XCConfigurationList;
			buildConfigurations = (
				3A0000010000000000000037 /* Debug */,
				3A0000010000000000000038 /* Release */,
			);
			defaultConfigurationIsVisible = 0;
			defaultConfigurationName = Release;
		};
		3A0000010000000000000030 /* Build configuration list for PBXNativeTarget "MagicIsland" */ = {
			isa = XCConfigurationList;
			buildConfigurations = (
				3A0000010000000000000039 /* Debug */,
				3A0000010000000000000040 /* Release */,
			);
			defaultConfigurationIsVisible = 0;
			defaultConfigurationName = Release;
		};
		3A0000010000000000000033 /* Build configuration list for PBXNativeTarget "MagicIslandTests" */ = {
			isa = XCConfigurationList;
			buildConfigurations = (
				3A0000010000000000000041 /* Debug */,
				3A0000010000000000000042 /* Release */,
			);
			defaultConfigurationIsVisible = 0;
			defaultConfigurationName = Release;
		};
/* End XCConfigurationList section */
	};
	rootObject = 3A0000010000000000000020 /* Project object */;
}
